
Microsoft Visual Studio Solution File, Format Version 12.00
# Visual Studio Version 17
VisualStudioVersion = 17.7.34024.191
MinimumVisualStudioVersion = 10.0.40219.1
Project("{FAE04EC0-301F-11D3-BF4B-00C04F79EFBC}") = "ActivityStatusPing", "ActivityStatusPing\ActivityStatusPing.csproj", "{A25DE02F-30B0-47E9-A14A-88CBB99F373D}"
EndProject
Global
	GlobalSection(SolutionConfigurationPlatforms) = preSolution
		Debug|Any CPU = Debug|Any CPU
		Release|Any CPU = Release|Any CPU
	EndGlobalSection
	GlobalSection(ProjectConfigurationPlatforms) = postSolution
		{A25DE02F-30B0-47E9-A14A-88CBB99F373D}.Debug|Any CPU.ActiveCfg = Debug|Any CPU
		{A25DE02F-30B0-47E9-A14A-88CBB99F373D}.Debug|Any CPU.Build.0 = Debug|Any CPU
		{A25DE02F-30B0-47E9-A14A-88CBB99F373D}.Release|Any CPU.ActiveCfg = Release|Any CPU
		{A25DE02F-30B0-47E9-A14A-88CBB99F373D}.Release|Any CPU.Build.0 = Release|Any CPU
	EndGlobalSection
	GlobalSection(SolutionProperties) = preSolution
		HideSolutionNode = FALSE
	EndGlobalSection
	GlobalSection(ExtensibilityGlobals) = postSolution
		SolutionGuid = {193DD75A-6050-454B-9A51-B43C8D6CF8FD}
	EndGlobalSection
EndGlobal
